// !$*UTF8*$!
{
	archiveVersion = 1;
	classes = {
	};
	objectVersion = 46;
	objects = {

/* Begin PBXBuildFile section */
		106091D81AD93F25007B0A4E /* main.m in Sources */ = {isa = PBXBuildFile; fileRef = 106091D71AD93F25007B0A4E /* main.m */; };
		106091DB1AD93F25007B0A4E /* AppDelegate.m in Sources */ = {isa = PBXBuildFile; fileRef = 106091DA1AD93F25007B0A4E /* AppDelegate.m */; };
		106091DE1AD93F25007B0A4E /* MasterViewController.m in Sources */ = {isa = PBXBuildFile; fileRef = 106091DD1AD93F25007B0A4E /* MasterViewController.m */; };
		106091E11AD93F25007B0A4E /* DetailViewController.m in Sources */ = {isa = PBXBuildFile; fileRef = 106091E01AD93F25007B0A4E /* DetailViewController.m */; };
		106091E41AD93F25007B0A4E /* Main.storyboard in Resources */ = {isa = PBXBuildFile; fileRef = 106091E21AD93F25007B0A4E /* Main.storyboard */; };
		106091E61AD93F25007B0A4E /* Images.xcassets in Resources */ = {isa = PBXBuildFile; fileRef = 106091E51AD93F25007B0A4E /* Images.xcassets */; };
		106091E91AD93F25007B0A4E /* LaunchScreen.xib in Resources */ = {isa = PBXBuildFile; fileRef = 106091E71AD93F25007B0A4E /* LaunchScreen.xib */; };
		106091F51AD93F25007B0A4E /* testTests.m in Sources */ = {isa = PBXBuildFile; fileRef = 106091F41AD93F25007B0A4E /* testTests.m */; };
/* End PBXBuildFile section */

/* Begin PBXContainerItemProxy section */
		106091EF1AD93F25007B0A4E /* PBXContainerItemProxy */ = {
			isa = PBXContainerItemProxy;
			containerPortal = 106091CA1AD93F24007B0A4E /* Project object */;
			proxyType = 1;
			remoteGlobalIDString = 106091D11AD93F25007B0A4E;
			remoteInfo = test;
		};
/* End PBXContainerItemProxy section */

/* Begin PBXFileReference section */
		106091D21AD93F25007B0A4E /* test.app */ = {isa = PBXFileReference; explicitFileType = wrapper.application; includeInIndex = 0; path = test.app; sourceTree = BUILT_PRODUCTS_DIR; };
		106091D61AD93F25007B0A4E /* Info.plist */ = {isa = PBXFileReference; lastKnownFileType = text.plist.xml; path = Info.plist; sourceTree = "<group>"; };
		106091D71AD93F25007B0A4E /* main.m */ = {isa = PBXFileReference; lastKnownFileType = sourcecode.c.objc; path = main.m; sourceTree = "<group>"; };
		106091D91AD93F25007B0A4E /* AppDelegate.h */ = {isa = PBXFileReference; lastKnownFileType = sourcecode.c.h; path = AppDelegate.h; sourceTree = "<group>"; };
		106091DA1AD93F25007B0A4E /* AppDelegate.m */ = {isa = PBXFileReference; lastKnownFileType = sourcecode.c.objc; path = AppDelegate.m; sourceTree = "<group>"; };
		106091DC1AD93F25007B0A4E /* MasterViewController.h */ = {isa = PBXFileReference; lastKnownFileType = sourcecode.c.h; path = MasterViewController.h; sourceTree = "<group>"; };
		106091DD1AD93F25007B0A4E /* MasterViewController.m */ = {isa = PBXFileReference; lastKnownFileType = sourcecode.c.objc; path = MasterViewController.m; sourceTree = "<group>"; };
		106091DF1AD93F25007B0A4E /* DetailViewController.h */ = {isa = PBXFileReference; lastKnownFileType = sourcecode.c.h; path = DetailViewController.h; sourceTree = "<group>"; };
		106091E01AD93F25007B0A4E /* DetailViewController.m */ = {isa = PBXFileReference; lastKnownFileType = sourcecode.c.objc; path = DetailViewController.m; sourceTree = "<group>"; };
		106091E31AD93F25007B0A4E /* Base */ = {isa = PBXFileReference; lastKnownFileType = file.storyboard; name = Base; path = Base.lproj/Main.storyboard; sourceTree = "<group>"; };
		106091E51AD93F25007B0A4E /* Images.xcassets */ = {isa = PBXFileReference; lastKnownFileType = folder.assetcatalog; path = Images.xcassets; sourceTree = "<group>"; };
		106091E81AD93F25007B0A4E /* Base */ = {isa = PBXFileReference; lastKnownFileType = file.xib; name = Base; path = Base.lproj/LaunchScreen.xib; sourceTree = "<group>"; };
		106091EE1AD93F25007B0A4E /* testTests.xctest */ = {isa = PBXFileReference; explicitFileType = wrapper.cfbundle; includeInIndex = 0; path = testTests.xctest; sourceTree = BUILT_PRODUCTS_DIR; };
		106091F31AD93F25007B0A4E /* Info.plist */ = {isa = PBXFileReference; lastKnownFileType = text.plist.xml; path = Info.plist; sourceTree = "<group>"; };
		106091F41AD93F25007B0A4E /* testTests.m */ = {isa = PBXFileReference; lastKnownFileType = sourcecode.c.objc; path = testTests.m; sourceTree = "<group>"; };
/* End PBXFileReference section */

/* Begin PBXFrameworksBuildPhase section */
		106091CF1AD93F25007B0A4E /* Frameworks */ = {
			isa = PBXFrameworksBuildPhase;
			buildActionMask = 2147483647;
			files = (
			);
			runOnlyForDeploymentPostprocessing = 0;
		};
		106091EB1AD93F25007B0A4E /* Frameworks */ = {
			isa = PBXFrameworksBuildPhase;
			buildActionMask = 2147483647;
			files = (
			);
			runOnlyForDeploymentPostprocessing = 0;
		};
/* End PBXFrameworksBuildPhase section */

/* Begin PBXGroup section */
		106091C91AD93F24007B0A4E = {
			isa = PBXGroup;
			children = (
				106091D41AD93F25007B0A4E /* test */,
				106091F11AD93F25007B0A4E /* testTests */,
				106091D31AD93F25007B0A4E /* Products */,
			);
			sourceTree = "<group>";
		};
		106091D31AD93F25007B0A4E /* Products */ = {
			isa = PBXGroup;
			children = (
				106091D21AD93F25007B0A4E /* test.app */,
				106091EE1AD93F25007B0A4E /* testTests.xctest */,
			);
			name = Products;
			sourceTree = "<group>";
		};
		106091D41AD93F25007B0A4E /* test */ = {
			isa = PBXGroup;
			children = (
				106091D91AD93F25007B0A4E /* AppDelegate.h */,
				106091DA1AD93F25007B0A4E /* AppDelegate.m */,
				106091DC1AD93F25007B0A4E /* MasterViewController.h */,
				106091DD1AD93F25007B0A4E /* MasterViewController.m */,
				106091DF1AD93F25007B0A4E /* DetailViewController.h */,
				106091E01AD93F25007B0A4E /* DetailViewController.m */,
				106091E21AD93F25007B0A4E /* Main.storyboard */,
				106091E51AD93F25007B0A4E /* Images.xcassets */,
				106091E71AD93F25007B0A4E /* LaunchScreen.xib */,
				106091D51AD93F25007B0A4E /* Supporting Files */,
			);
			path = test;
			sourceTree = "<group>";
		};
		106091D51AD93F25007B0A4E /* Supporting Files */ = {
			isa = PBXGroup;
			children = (
				106091D61AD93F25007B0A4E /* Info.plist */,
				106091D71AD93F25007B0A4E /* main.m */,
			);
			name = "Supporting Files";
			sourceTree = "<group>";
		};
		106091F11AD93F25007B0A4E /* testTests */ = {
			isa = PBXGroup;
			children = (
				106091F41AD93F25007B0A4E /* testTests.m */,
				106091F21AD93F25007B0A4E /* Supporting Files */,
			);
			path = testTests;
			sourceTree = "<group>";
		};
		106091F21AD93F25007B0A4E /* Supporting Files */ = {
			isa = PBXGroup;
			children = (
				106091F31AD93F25007B0A4E /* Info.plist */,
			);
			name = "Supporting Files";
			sourceTree = "<group>";
		};
/* End PBXGroup section */

/* Begin PBXNativeTarget section */
		106091D11AD93F25007B0A4E /* test */ = {
			isa = PBXNativeTarget;
			buildConfigurationList = 106091F81AD93F25007B0A4E /* Build configuration list for PBXNativeTarget "test" */;
			buildPhases = (
				106091CE1AD93F25007B0A4E /* Sources */,
				106091CF1AD93F25007B0A4E /* Frameworks */,
				106091D01AD93F25007B0A4E /* Resources */,
			);
			buildRules = (
			);
			dependencies = (
			);
			name = test;
			productName = test;
			productReference = 106091D21AD93F25007B0A4E /* test.app */;
			productType = "com.apple.product-type.application";
		};
		106091ED1AD93F25007B0A4E /* testTests */ = {
			isa = PBXNativeTarget;
			buildConfigurationList = 106091FB1AD93F25007B0A4E /* Build configuration list for PBXNativeTarget "testTests" */;
			buildPhases = (
				106091EA1AD93F25007B0A4E /* Sources */,
				106091EB1AD93F25007B0A4E /* Frameworks */,
				106091EC1AD93F25007B0A4E /* Resources */,
			);
			buildRules = (
			);
			dependencies = (
				106091F01AD93F25007B0A4E /* PBXTargetDependency */,
			);
			name = testTests;
			productName = testTests;
			productReference = 106091EE1AD93F25007B0A4E /* testTests.xctest */;
			productType = "com.apple.product-type.bundle.unit-test";
		};
/* End PBXNativeTarget section */

/* Begin PBXProject section */
		106091CA1AD93F24007B0A4E /* Project object */ = {
			isa = PBXProject;
			attributes = {
				LastUpgradeCheck = 0630;
				ORGANIZATIONNAME = "里香 藤原";
				TargetAttributes = {
					106091D11AD93F25007B0A4E = {
						CreatedOnToolsVersion = 6.3;
					};
					106091ED1AD93F25007B0A4E = {
						CreatedOnToolsVersion = 6.3;
						TestTargetID = 106091D11AD93F25007B0A4E;
					};
				};
			};
			buildConfigurationList = 106091CD1AD93F24007B0A4E /* Build configuration list for PBXProject "test" */;
			compatibilityVersion = "Xcode 3.2";
			developmentRegion = English;
			hasScannedForEncodings = 0;
			knownRegions = (
				en,
				Base,
			);
			mainGroup = 106091C91AD93F24007B0A4E;
			productRefGroup = 106091D31AD93F25007B0A4E /* Products */;
			projectDirPath = "";
			projectRoot = "";
			targets = (
				106091D11AD93F25007B0A4E /* test */,
				106091ED1AD93F25007B0A4E /* testTests */,
			);
		};
/* End PBXProject section */

/* Begin PBXResourcesBuildPhase section */
		106091D01AD93F25007B0A4E /* Resources */ = {
			isa = PBXResourcesBuildPhase;
			buildActionMask = 2147483647;
			files = (
				106091E41AD93F25007B0A4E /* Main.storyboard in Resources */,
				106091E91AD93F25007B0A4E /* LaunchScreen.xib in Resources */,
				106091E61AD93F25007B0A4E /* Images.xcassets in Resources */,
			);
			runOnlyForDeploymentPostprocessing = 0;
		};
		106091EC1AD93F25007B0A4E /* Resources */ = {
			isa = PBXResourcesBuildPhase;
			buildActionMask = 2147483647;
			files = (
			);
			runOnlyForDeploymentPostprocessing = 0;
		};
/* End PBXResourcesBuildPhase section */

/* Begin PBXSourcesBuildPhase section */
		106091CE1AD93F25007B0A4E /* Sources */ = {
			isa = PBXSourcesBuildPhase;
			buildActionMask = 2147483647;
			files = (
				106091DB1AD93F25007B0A4E /* AppDelegate.m in Sources */,
				106091DE1AD93F25007B0A4E /* MasterViewController.m in Sources */,
				106091D81AD93F25007B0A4E /* main.m in Sources */,
				106091E11AD93F25007B0A4E /* DetailViewController.m in Sources */,
			);
			runOnlyForDeploymentPostprocessing = 0;
		};
		106091EA1AD93F25007B0A4E /* Sources */ = {
			isa = PBXSourcesBuildPhase;
			buildActionMask = 2147483647;
			files = (
				106091F51AD93F25007B0A4E /* testTests.m in Sources */,
			);
			runOnlyForDeploymentPostprocessing = 0;
		};
/* End PBXSourcesBuildPhase section */

/* Begin PBXTargetDependency section */
		106091F01AD93F25007B0A4E /* PBXTargetDependency */ = {
			isa = PBXTargetDependency;
			target = 106091D11AD93F25007B0A4E /* test */;
			targetProxy = 106091EF1AD93F25007B0A4E /* PBXContainerItemProxy */;
		};
/* End PBXTargetDependency section */

/* Begin PBXVariantGroup section */
		106091E21AD93F25007B0A4E /* Main.storyboard */ = {
			isa = PBXVariantGroup;
			children = (
				106091E31AD93F25007B0A4E /* Base */,
			);
			name = Main.storyboard;
			sourceTree = "<group>";
		};
		106091E71AD93F25007B0A4E /* LaunchScreen.xib */ = {
			isa = PBXVariantGroup;
			children = (
				106091E81AD93F25007B0A4E /* Base */,
			);
			name = LaunchScreen.xib;
			sourceTree = "<group>";
		};
/* End PBXVariantGroup section */

/* Begin XCBuildConfiguration section */
		106091F61AD93F25007B0A4E /* Debug */ = {
			isa = XCBuildConfiguration;
			buildSettings = {
				ALWAYS_SEARCH_USER_PATHS = NO;
				CLANG_CXX_LANGUAGE_STANDARD = "gnu++0x";
				CLANG_CXX_LIBRARY = "libc++";
				CLANG_ENABLE_MODULES = YES;
				CLANG_ENABLE_OBJC_ARC = YES;
				CLANG_WARN_BOOL_CONVERSION = YES;
				CLANG_WARN_CONSTANT_CONVERSION = YES;
				CLANG_WARN_DIRECT_OBJC_ISA_USAGE = YES_ERROR;
				CLANG_WARN_EMPTY_BODY = YES;
				CLANG_WARN_ENUM_CONVERSION = YES;
				CLANG_WARN_INT_CONVERSION = YES;
				CLANG_WARN_OBJC_ROOT_CLASS = YES_ERROR;
				CLANG_WARN_UNREACHABLE_CODE = YES;
				CLANG_WARN__DUPLICATE_METHOD_MATCH = YES;
				"CODE_SIGN_IDENTITY[sdk=iphoneos*]" = "iPhone Developer";
				COPY_PHASE_STRIP = NO;
				DEBUG_INFORMATION_FORMAT = "dwarf-with-dsym";
				ENABLE_STRICT_OBJC_MSGSEND = YES;
				GCC_C_LANGUAGE_STANDARD = gnu99;
				GCC_DYNAMIC_NO_PIC = NO;
				GCC_NO_COMMON_BLOCKS = YES;
				GCC_OPTIMIZATION_LEVEL = 0;
				GCC_PREPROCESSOR_DEFINITIONS = (
					"DEBUG=1",
					"$(inherited)",
				);
				GCC_SYMBOLS_PRIVATE_EXTERN = NO;
				GCC_WARN_64_TO_32_BIT_CONVERSION = YES;
				GCC_WARN_ABOUT_RETURN_TYPE = YES_ERROR;
				GCC_WARN_UNDECLARED_SELECTOR = YES;
				GCC_WARN_UNINITIALIZED_AUTOS = YES_AGGRESSIVE;
				GCC_WARN_UNUSED_FUNCTION = YES;
				GCC_WARN_UNUSED_VARIABLE = YES;
				IPHONEOS_DEPLOYMENT_TARGET = 8.3;
				MTL_ENABLE_DEBUG_INFO = YES;
				ONLY_ACTIVE_ARCH = YES;
				SDKROOT = iphoneos;
				TARGETED_DEVICE_FAMILY = "1,2";
			};
			name = Debug;
		};
		106091F71AD93F25007B0A4E /* Release */ = {
			isa = XCBuildConfiguration;
			buildSettings = {
				ALWAYS_SEARCH_USER_PATHS = NO;
				CLANG_CXX_LANGUAGE_STANDARD = "gnu++0x";
				CLANG_CXX_LIBRARY = "libc++";
				CLANG_ENABLE_MODULES = YES;
				CLANG_ENABLE_OBJC_ARC = YES;
				CLANG_WARN_BOOL_CONVERSION = YES;
				CLANG_WARN_CONSTANT_CONVERSION = YES;
				CLANG_WARN_DIRECT_OBJC_ISA_USAGE = YES_ERROR;
				CLANG_WARN_EMPTY_BODY = YES;
				CLANG_WARN_ENUM_CONVERSION = YES;
				CLANG_WARN_INT_CONVERSION = YES;
				CLANG_WARN_OBJC_ROOT_CLASS = YES_ERROR;
				CLANG_WARN_UNREACHABLE_CODE = YES;
				CLANG_WARN__DUPLICATE_METHOD_MATCH = YES;
				"CODE_SIGN_IDENTITY[sdk=iphoneos*]" = "iPhone Developer";
				COPY_PHASE_STRIP = NO;
				DEBUG_INFORMATION_FORMAT = "dwarf-with-dsym";
				ENABLE_NS_ASSERTIONS = NO;
				ENABLE_STRICT_OBJC_MSGSEND = YES;
				GCC_C_LANGUAGE_STANDARD = gnu99;
				GCC_NO_COMMON_BLOCKS = YES;
				GCC_WARN_64_TO_32_BIT_CONVERSION = YES;
				GCC_WARN_ABOUT_RETURN_TYPE = YES_ERROR;
				GCC_WARN_UNDECLARED_SELECTOR = YES;
				GCC_WARN_UNINITIALIZED_AUTOS = YES_AGGRESSIVE;
				GCC_WARN_UNUSED_FUNCTION = YES;
				GCC_WARN_UNUSED_VARIABLE = YES;
				IPHONEOS_DEPLOYMENT_TARGET = 8.3;
				MTL_ENABLE_DEBUG_INFO = NO;
				SDKROOT = iphoneos;
				TARGETED_DEVICE_FAMILY = "1,2";
				VALIDATE_PRODUCT = YES;
			};
			name = Release;
		};
		106091F91AD93F25007B0A4E /* Debug */ = {
			isa = XCBuildConfiguration;
			buildSettings = {
				ASSETCATALOG_COMPILER_APPICON_NAME = AppIcon;
				INFOPLIST_FILE = test/Info.plist;
				LD_RUNPATH_SEARCH_PATHS = "$(inherited) @executable_path/Frameworks";
				PRODUCT_NAME = "$(TARGET_NAME)";
			};
			name = Debug;
		};
		106091FA1AD93F25007B0A4E /* Release */ = {
			isa = XCBuildConfiguration;
			buildSettings = {
				ASSETCATALOG_COMPILER_APPICON_NAME = AppIcon;
				INFOPLIST_FILE = test/Info.plist;
				LD_RUNPATH_SEARCH_PATHS = "$(inherited) @executable_path/Frameworks";
				PRODUCT_NAME = "$(TARGET_NAME)";
			};
			name = Release;
		};
		106091FC1AD93F25007B0A4E /* Debug */ = {
			isa = XCBuildConfiguration;
			buildSettings = {
				BUNDLE_LOADER = "$(TEST_HOST)";
				FRAMEWORK_SEARCH_PATHS = (
					"$(SDKROOT)/Developer/Library/Frameworks",
					"$(inherited)",
				);
				GCC_PREPROCESSOR_DEFINITIONS = (
					"DEBUG=1",
					"$(inherited)",
				);
				INFOPLIST_FILE = testTests/Info.plist;
				LD_RUNPATH_SEARCH_PATHS = "$(inherited) @executable_path/Frameworks @loader_path/Frameworks";
				PRODUCT_NAME = "$(TARGET_NAME)";
				TEST_HOST = "$(BUILT_PRODUCTS_DIR)/test.app/test";
			};
			name = Debug;
		};
		106091FD1AD93F25007B0A4E /* Release */ = {
			isa = XCBuildConfiguration;
			buildSettings = {
				BUNDLE_LOADER = "$(TEST_HOST)";
				FRAMEWORK_SEARCH_PATHS = (
					"$(SDKROOT)/Developer/Library/Frameworks",
					"$(inherited)",
				);
				INFOPLIST_FILE = testTests/Info.plist;
				LD_RUNPATH_SEARCH_PATHS = "$(inherited) @executable_path/Frameworks @loader_path/Frameworks";
				PRODUCT_NAME = "$(TARGET_NAME)";
				TEST_HOST = "$(BUILT_PRODUCTS_DIR)/test.app/test";
			};
			name = Release;
		};
/* End XCBuildConfiguration section */

/* Begin XCConfigurationList section */
		106091CD1AD93F24007B0A4E /* Build configuration list for PBXProject "test" */ = {
			isa = XCConfigurationList;
			buildConfigurations = (
				106091F61AD93F25007B0A4E /* Debug */,
				106091F71AD93F25007B0A4E /* Release */,
			);
			defaultConfigurationIsVisible = 0;
			defaultConfigurationName = Release;
		};
		106091F81AD93F25007B0A4E /* Build configuration list for PBXNativeTarget "test" */ = {
			isa = XCConfigurationList;
			buildConfigurations = (
				106091F91AD93F25007B0A4E /* Debug */,
				106091FA1AD93F25007B0A4E /* Release */,
			);
			defaultConfigurationIsVisible = 0;
		};
		106091FB1AD93F25007B0A4E /* Build configuration list for PBXNativeTarget "testTests" */ = {
			isa = XCConfigurationList;
			buildConfigurations = (
				106091FC1AD93F25007B0A4E /* Debug */,
				106091FD1AD93F25007B0A4E /* Release */,
			);
			defaultConfigurationIsVisible = 0;
		};
/* End XCConfigurationList section */
	};
	rootObject = 106091CA1AD93F24007B0A4E /* Project object */;
}
